
Microsoft Visual Studio Solution File, Format Version 12.00
# Visual Studio Version 16
VisualStudioVersion = 16.0.30413.136
MinimumVisualStudioVersion = 10.0.40219.1
Project("{9A19103F-16F7-4668-BE54-9A1E7A4F7556}") = "AspNetCore.Domain", "AspNetCore.Domain\AspNetCore.Domain.csproj", "{9164FB65-B454-486F-96CB-88E9ED1D1F1D}"
EndProject
Project("{9A19103F-16F7-4668-BE54-9A1E7A4F7556}") = "AspNetCore.Infrastructure", "AspNetCore.Infrastructure\AspNetCore.Infrastructure.csproj", "{110AF238-2754-4C9A-AD98-5F10E56BC018}"
EndProject
Project("{9A19103F-16F7-4668-BE54-9A1E7A4F7556}") = "AspNetCore.WebApi", "AspNetCore.WebApi\AspNetCore.WebApi.csproj", "{48B205F7-3700-4D53-A331-FD0EACF59A13}"
EndProject
Global
	GlobalSection(SolutionConfigurationPlatforms) = preSolution
		Debug|Any CPU = Debug|Any CPU
		Release|Any CPU = Release|Any CPU
	EndGlobalSection
	GlobalSection(ProjectConfigurationPlatforms) = postSolution
		{9164FB65-B454-486F-96CB-88E9ED1D1F1D}.Debug|Any CPU.ActiveCfg = Debug|Any CPU
		{9164FB65-B454-486F-96CB-88E9ED1D1F1D}.Debug|Any CPU.Build.0 = Debug|Any CPU
		{9164FB65-B454-486F-96CB-88E9ED1D1F1D}.Release|Any CPU.ActiveCfg = Release|Any CPU
		{9164FB65-B454-486F-96CB-88E9ED1D1F1D}.Release|Any CPU.Build.0 = Release|Any CPU
		{110AF238-2754-4C9A-AD98-5F10E56BC018}.Debug|Any CPU.ActiveCfg = Debug|Any CPU
		{110AF238-2754-4C9A-AD98-5F10E56BC018}.Debug|Any CPU.Build.0 = Debug|Any CPU
		{110AF238-2754-4C9A-AD98-5F10E56BC018}.Release|Any CPU.ActiveCfg = Release|Any CPU
		{110AF238-2754-4C9A-AD98-5F10E56BC018}.Release|Any CPU.Build.0 = Release|Any CPU
		{48B205F7-3700-4D53-A331-FD0EACF59A13}.Debug|Any CPU.ActiveCfg = Debug|Any CPU
		{48B205F7-3700-4D53-A331-FD0EACF59A13}.Debug|Any CPU.Build.0 = Debug|Any CPU
		{48B205F7-3700-4D53-A331-FD0EACF59A13}.Release|Any CPU.ActiveCfg = Release|Any CPU
		{48B205F7-3700-4D53-A331-FD0EACF59A13}.Release|Any CPU.Build.0 = Release|Any CPU
	EndGlobalSection
	GlobalSection(SolutionProperties) = preSolution
		HideSolutionNode = FALSE
	EndGlobalSection
	GlobalSection(ExtensibilityGlobals) = postSolution
		SolutionGuid = {983870DC-C040-4836-AA5E-270A4C52C36F}
	EndGlobalSection
EndGlobal
